{
  "originHash" : "a5440a12c6150927407f9266a3d0c26d4d0c9e72932fdc36b5aa3ca062553c2c",
  "pins" : [
    {
      "identity" : "easybar-kit",
      "kind" : "remoteSourceControl",
      "location" : "https://github.com/easybar-app/easybar-kit",
      "state" : {
        "revision" : "26a6737eac99c2340e434d2624cef030a266afd6",
        "version" : "0.2.4"
      }
    },
    {
      "identity" : "swifttomledit",
      "kind" : "remoteSourceControl",
      "location" : "https://github.com/gi8lino/SwiftTOMLEdit.git",
      "state" : {
        "revision" : "c9c26d61372ba3825a591ff26d4118396b347486",
        "version" : "0.0.5"
      }
    }
  ],
  "version" : 3
}
