{
  "originHash" : "188c872cb421f70f3629574bffe6adae428fd160ccff378db6dc8c657cc033fd",
  "pins" : [
    {
      "identity" : "easybar-kit",
      "kind" : "remoteSourceControl",
      "location" : "https://github.com/easybar-app/easybar-kit",
      "state" : {
        "revision" : "c0c61bb9b097f0510f768fe99facfecc1bd13507",
        "version" : "0.2.2"
      }
    },
    {
      "identity" : "swifttomledit",
      "kind" : "remoteSourceControl",
      "location" : "https://github.com/gi8lino/SwiftTOMLEdit.git",
      "state" : {
        "revision" : "c9c26d61372ba3825a591ff26d4118396b347486",
        "version" : "0.0.5"
      }
    }
  ],
  "version" : 3
}
