{
  "originHash" : "f186198d113dd76620b43c6ac3df7ce2020797732ed7ebe8b36a5d97c1799f1e",
  "pins" : [
    {
      "identity" : "easybar-kit",
      "kind" : "remoteSourceControl",
      "location" : "https://github.com/easybar-app/easybar-kit",
      "state" : {
        "revision" : "878e935d16cf2f7a6dcae55f61f0ff37f42225cd",
        "version" : "0.53.1"
      }
    },
    {
      "identity" : "swifttomledit",
      "kind" : "remoteSourceControl",
      "location" : "https://github.com/gi8lino/SwiftTOMLEdit.git",
      "state" : {
        "revision" : "c9c26d61372ba3825a591ff26d4118396b347486",
        "version" : "0.0.5"
      }
    }
  ],
  "version" : 3
}
